// !$*UTF8*$!
{
	archiveVersion = 1;
	classes = {
	};
	objectVersion = 50;
	objects = {

/* Begin PBXBuildFile section */
		274C12CF233698BA006C01DD /* AppDelegate.swift in Sources */ = {isa = PBXBuildFile; fileRef = 274C12CE233698BA006C01DD /* AppDelegate.swift */; };
		274C12D1233698BA006C01DD /* ViewController.swift in Sources */ = {isa = PBXBuildFile; fileRef = 274C12D0233698BA006C01DD /* ViewController.swift */; };
		274C12D4233698BA006C01DD /* Main.storyboard in Resources */ = {isa = PBXBuildFile; fileRef = 274C12D2233698BA006C01DD /* Main.storyboard */; };
		274C12D6233698BB006C01DD /* Assets.xcassets in Resources */ = {isa = PBXBuildFile; fileRef = 274C12D5233698BB006C01DD /* Assets.xcassets */; };
		274C12D9233698BB006C01DD /* LaunchScreen.storyboard in Resources */ = {isa = PBXBuildFile; fileRef = 274C12D7233698BB006C01DD /* LaunchScreen.storyboard */; };
		274C12E32336AD7B006C01DD /* DetailedViewController.swift in Sources */ = {isa = PBXBuildFile; fileRef = 274C12E22336AD7B006C01DD /* DetailedViewController.swift */; };
/* End PBXBuildFile section */

/* Begin PBXFileReference section */
		274C12CB233698BA006C01DD /* To Do List.app */ = {isa = PBXFileReference; explicitFileType = wrapper.application; includeInIndex = 0; path = "To Do List.app"; sourceTree = BUILT_PRODUCTS_DIR; };
		274C12CE233698BA006C01DD /* AppDelegate.swift */ = {isa = PBXFileReference; lastKnownFileType = sourcecode.swift; path = AppDelegate.swift; sourceTree = "<group>"; };
		274C12D0233698BA006C01DD /* ViewController.swift */ = {isa = PBXFileReference; lastKnownFileType = sourcecode.swift; path = ViewController.swift; sourceTree = "<group>"; };
		274C12D3233698BA006C01DD /* Base */ = {isa = PBXFileReference; lastKnownFileType = file.storyboard; name = Base; path = Base.lproj/Main.storyboard; sourceTree = "<group>"; };
		274C12D5233698BB006C01DD /* Assets.xcassets */ = {isa = PBXFileReference; lastKnownFileType = folder.assetcatalog; path = Assets.xcassets; sourceTree = "<group>"; };
		274C12D8233698BB006C01DD /* Base */ = {isa = PBXFileReference; lastKnownFileType = file.storyboard; name = Base; path = Base.lproj/LaunchScreen.storyboard; sourceTree = "<group>"; };
		274C12DA233698BB006C01DD /* Info.plist */ = {isa = PBXFileReference; lastKnownFileType = text.plist.xml; path = Info.plist; sourceTree = "<group>"; };
		274C12E22336AD7B006C01DD /* DetailedViewController.swift */ = {isa = PBXFileReference; lastKnownFileType = sourcecode.swift; path = DetailedViewController.swift; sourceTree = "<group>"; };
/* End PBXFileReference section */

/* Begin PBXFrameworksBuildPhase section */
		274C12C8233698BA006C01DD /* Frameworks */ = {
			isa = PBXFrameworksBuildPhase;
			buildActionMask = 2147483647;
			files = (
			);
			runOnlyForDeploymentPostprocessing = 0;
		};
/* End PBXFrameworksBuildPhase section */

/* Begin PBXGroup section */
		274C12C2233698BA006C01DD = {
			isa = PBXGroup;
			children = (
				274C12CD233698BA006C01DD /* To Do List */,
				274C12CC233698BA006C01DD /* Products */,
			);
			sourceTree = "<group>";
		};
		274C12CC233698BA006C01DD /* Products */ = {
			isa = PBXGroup;
			children = (
				274C12CB233698BA006C01DD /* To Do List.app */,
			);
			name = Products;
			sourceTree = "<group>";
		};
		274C12CD233698BA006C01DD /* To Do List */ = {
			isa = PBXGroup;
			children = (
				274C12CE233698BA006C01DD /* AppDelegate.swift */,
				274C12D0233698BA006C01DD /* ViewController.swift */,
				274C12E22336AD7B006C01DD /* DetailedViewController.swift */,
				274C12D2233698BA006C01DD /* Main.storyboard */,
				274C12D5233698BB006C01DD /* Assets.xcassets */,
				274C12D7233698BB006C01DD /* LaunchScreen.storyboard */,
				274C12DA233698BB006C01DD /* Info.plist */,
			);
			path = "To Do List";
			sourceTree = "<group>";
		};
/* End PBXGroup section */

/* Begin PBXNativeTarget section */
		274C12CA233698BA006C01DD /* To Do List */ = {
			isa = PBXNativeTarget;
			buildConfigurationList = 274C12DD233698BB006C01DD /* Build configuration list for PBXNativeTarget "To Do List" */;
			buildPhases = (
				274C12C7233698BA006C01DD /* Sources */,
				274C12C8233698BA006C01DD /* Frameworks */,
				274C12C9233698BA006C01DD /* Resources */,
			);
			buildRules = (
			);
			dependencies = (
			);
			name = "To Do List";
			productName = "To Do List";
			productReference = 274C12CB233698BA006C01DD /* To Do List.app */;
			productType = "com.apple.product-type.application";
		};
/* End PBXNativeTarget section */

/* Begin PBXProject section */
		274C12C3233698BA006C01DD /* Project object */ = {
			isa = PBXProject;
			attributes = {
				LastSwiftUpdateCheck = 1030;
				LastUpgradeCheck = 1030;
				ORGANIZATIONNAME = "Kyle Gil Tan";
				TargetAttributes = {
					274C12CA233698BA006C01DD = {
						CreatedOnToolsVersion = 10.3;
					};
				};
			};
			buildConfigurationList = 274C12C6233698BA006C01DD /* Build configuration list for PBXProject "To Do List" */;
			compatibilityVersion = "Xcode 9.3";
			developmentRegion = en;
			hasScannedForEncodings = 0;
			knownRegions = (
				en,
				Base,
			);
			mainGroup = 274C12C2233698BA006C01DD;
			productRefGroup = 274C12CC233698BA006C01DD /* Products */;
			projectDirPath = "";
			projectRoot = "";
			targets = (
				274C12CA233698BA006C01DD /* To Do List */,
			);
		};
/* End PBXProject section */

/* Begin PBXResourcesBuildPhase section */
		274C12C9233698BA006C01DD /* Resources */ = {
			isa = PBXResourcesBuildPhase;
			buildActionMask = 2147483647;
			files = (
				274C12D9233698BB006C01DD /* LaunchScreen.storyboard in Resources */,
				274C12D6233698BB006C01DD /* Assets.xcassets in Resources */,
				274C12D4233698BA006C01DD /* Main.storyboard in Resources */,
			);
			runOnlyForDeploymentPostprocessing = 0;
		};
/* End PBXResourcesBuildPhase section */

/* Begin PBXSourcesBuildPhase section */
		274C12C7233698BA006C01DD /* Sources */ = {
			isa = PBXSourcesBuildPhase;
			buildActionMask = 2147483647;
			files = (
				274C12D1233698BA006C01DD /* ViewController.swift in Sources */,
				274C12CF233698BA006C01DD /* AppDelegate.swift in Sources */,
				274C12E32336AD7B006C01DD /* DetailedViewController.swift in Sources */,
			);
			runOnlyForDeploymentPostprocessing = 0;
		};
/* End PBXSourcesBuildPhase section */

/* Begin PBXVariantGroup section */
		274C12D2233698BA006C01DD /* Main.storyboard */ = {
			isa = PBXVariantGroup;
			children = (
				274C12D3233698BA006C01DD /* Base */,
			);
			name = Main.storyboard;
			sourceTree = "<group>";
		};
		274C12D7233698BB006C01DD /* LaunchScreen.storyboard */ = {
			isa = PBXVariantGroup;
			children = (
				274C12D8233698BB006C01DD /* Base */,
			);
			name = LaunchScreen.storyboard;
			sourceTree = "<group>";
		};
/* End PBXVariantGroup section */

/* Begin XCBuildConfiguration section */
		274C12DB233698BB006C01DD /* Debug */ = {
			isa = XCBuildConfiguration;
			buildSettings = {
				ALWAYS_SEARCH_USER_PATHS = NO;
				CLANG_ANALYZER_NONNULL = YES;
				CLANG_ANALYZER_NUMBER_OBJECT_CONVERSION = YES_AGGRESSIVE;
				CLANG_CXX_LANGUAGE_STANDARD = "gnu++14";
				CLANG_CXX_LIBRARY = "libc++";
				CLANG_ENABLE_MODULES = YES;
				CLANG_ENABLE_OBJC_ARC = YES;
				CLANG_ENABLE_OBJC_WEAK = YES;
				CLANG_WARN_BLOCK_CAPTURE_AUTORELEASING = YES;
				CLANG_WARN_BOOL_CONVERSION = YES;
				CLANG_WARN_COMMA = YES;
				CLANG_WARN_CONSTANT_CONVERSION = YES;
				CLANG_WARN_DEPRECATED_OBJC_IMPLEMENTATIONS = YES;
				CLANG_WARN_DIRECT_OBJC_ISA_USAGE = YES_ERROR;
				CLANG_WARN_DOCUMENTATION_COMMENTS = YES;
				CLANG_WARN_EMPTY_BODY = YES;
				CLANG_WARN_ENUM_CONVERSION = YES;
				CLANG_WARN_INFINITE_RECURSION = YES;
				CLANG_WARN_INT_CONVERSION = YES;
				CLANG_WARN_NON_LITERAL_NULL_CONVERSION = YES;
				CLANG_WARN_OBJC_IMPLICIT_RETAIN_SELF = YES;
				CLANG_WARN_OBJC_LITERAL_CONVERSION = YES;
				CLANG_WARN_OBJC_ROOT_CLASS = YES_ERROR;
				CLANG_WARN_RANGE_LOOP_ANALYSIS = YES;
				CLANG_WARN_STRICT_PROTOTYPES = YES;
				CLANG_WARN_SUSPICIOUS_MOVE = YES;
				CLANG_WARN_UNGUARDED_AVAILABILITY = YES_AGGRESSIVE;
				CLANG_WARN_UNREACHABLE_CODE = YES;
				CLANG_WARN__DUPLICATE_METHOD_MATCH = YES;
				CODE_SIGN_IDENTITY = "iPhone Developer";
				COPY_PHASE_STRIP = NO;
				DEBUG_INFORMATION_FORMAT = dwarf;
				ENABLE_STRICT_OBJC_MSGSEND = YES;
				ENABLE_TESTABILITY = YES;
				GCC_C_LANGUAGE_STANDARD = gnu11;
				GCC_DYNAMIC_NO_PIC = NO;
				GCC_NO_COMMON_BLOCKS = YES;
				GCC_OPTIMIZATION_LEVEL = 0;
				GCC_PREPROCESSOR_DEFINITIONS = (
					"DEBUG=1",
					"$(inherited)",
				);
				GCC_WARN_64_TO_32_BIT_CONVERSION = YES;
				GCC_WARN_ABOUT_RETURN_TYPE = YES_ERROR;
				GCC_WARN_UNDECLARED_SELECTOR = YES;
				GCC_WARN_UNINITIALIZED_AUTOS = YES_AGGRESSIVE;
				GCC_WARN_UNUSED_FUNCTION = YES;
				GCC_WARN_UNUSED_VARIABLE = YES;
				IPHONEOS_DEPLOYMENT_TARGET = 12.4;
				MTL_ENABLE_DEBUG_INFO = INCLUDE_SOURCE;
				MTL_FAST_MATH = YES;
				ONLY_ACTIVE_ARCH = YES;
				SDKROOT = iphoneos;
				SWIFT_ACTIVE_COMPILATION_CONDITIONS = DEBUG;
				SWIFT_OPTIMIZATION_LEVEL = "-Onone";
			};
			name = Debug;
		};
		274C12DC233698BB006C01DD /* Release */ = {
			isa = XCBuildConfiguration;
			buildSettings = {
				ALWAYS_SEARCH_USER_PATHS = NO;
				CLANG_ANALYZER_NONNULL = YES;
				CLANG_ANALYZER_NUMBER_OBJECT_CONVERSION = YES_AGGRESSIVE;
				CLANG_CXX_LANGUAGE_STANDARD = "gnu++14";
				CLANG_CXX_LIBRARY = "libc++";
				CLANG_ENABLE_MODULES = YES;
				CLANG_ENABLE_OBJC_ARC = YES;
				CLANG_ENABLE_OBJC_WEAK = YES;
				CLANG_WARN_BLOCK_CAPTURE_AUTORELEASING = YES;
				CLANG_WARN_BOOL_CONVERSION = YES;
				CLANG_WARN_COMMA = YES;
				CLANG_WARN_CONSTANT_CONVERSION = YES;
				CLANG_WARN_DEPRECATED_OBJC_IMPLEMENTATIONS = YES;
				CLANG_WARN_DIRECT_OBJC_ISA_USAGE = YES_ERROR;
				CLANG_WARN_DOCUMENTATION_COMMENTS = YES;
				CLANG_WARN_EMPTY_BODY = YES;
				CLANG_WARN_ENUM_CONVERSION = YES;
				CLANG_WARN_INFINITE_RECURSION = YES;
				CLANG_WARN_INT_CONVERSION = YES;
				CLANG_WARN_NON_LITERAL_NULL_CONVERSION = YES;
				CLANG_WARN_OBJC_IMPLICIT_RETAIN_SELF = YES;
				CLANG_WARN_OBJC_LITERAL_CONVERSION = YES;
				CLANG_WARN_OBJC_ROOT_CLASS = YES_ERROR;
				CLANG_WARN_RANGE_LOOP_ANALYSIS = YES;
				CLANG_WARN_STRICT_PROTOTYPES = YES;
				CLANG_WARN_SUSPICIOUS_MOVE = YES;
				CLANG_WARN_UNGUARDED_AVAILABILITY = YES_AGGRESSIVE;
				CLANG_WARN_UNREACHABLE_CODE = YES;
				CLANG_WARN__DUPLICATE_METHOD_MATCH = YES;
				CODE_SIGN_IDENTITY = "iPhone Developer";
				COPY_PHASE_STRIP = NO;
				DEBUG_INFORMATION_FORMAT = "dwarf-with-dsym";
				ENABLE_NS_ASSERTIONS = NO;
				ENABLE_STRICT_OBJC_MSGSEND = YES;
				GCC_C_LANGUAGE_STANDARD = gnu11;
				GCC_NO_COMMON_BLOCKS = YES;
				GCC_WARN_64_TO_32_BIT_CONVERSION = YES;
				GCC_WARN_ABOUT_RETURN_TYPE = YES_ERROR;
				GCC_WARN_UNDECLARED_SELECTOR = YES;
				GCC_WARN_UNINITIALIZED_AUTOS = YES_AGGRESSIVE;
				GCC_WARN_UNUSED_FUNCTION = YES;
				GCC_WARN_UNUSED_VARIABLE = YES;
				IPHONEOS_DEPLOYMENT_TARGET = 12.4;
				MTL_ENABLE_DEBUG_INFO = NO;
				MTL_FAST_MATH = YES;
				SDKROOT = iphoneos;
				SWIFT_COMPILATION_MODE = wholemodule;
				SWIFT_OPTIMIZATION_LEVEL = "-O";
				VALIDATE_PRODUCT = YES;
			};
			name = Release;
		};
		274C12DE233698BB006C01DD /* Debug */ = {
			isa = XCBuildConfiguration;
			buildSettings = {
				ASSETCATALOG_COMPILER_APPICON_NAME = AppIcon;
				CODE_SIGN_STYLE = Automatic;
				DEVELOPMENT_TEAM = UBA5LYGV7N;
				INFOPLIST_FILE = "To Do List/Info.plist";
				LD_RUNPATH_SEARCH_PATHS = (
					"$(inherited)",
					"@executable_path/Frameworks",
				);
				PRODUCT_BUNDLE_IDENTIFIER = "com.tan.To-Do-List";
				PRODUCT_NAME = "$(TARGET_NAME)";
				SWIFT_VERSION = 5.0;
				TARGETED_DEVICE_FAMILY = "1,2";
			};
			name = Debug;
		};
		274C12DF233698BB006C01DD /* Release */ = {
			isa = XCBuildConfiguration;
			buildSettings = {
				ASSETCATALOG_COMPILER_APPICON_NAME = AppIcon;
				CODE_SIGN_STYLE = Automatic;
				DEVELOPMENT_TEAM = UBA5LYGV7N;
				INFOPLIST_FILE = "To Do List/Info.plist";
				LD_RUNPATH_SEARCH_PATHS = (
					"$(inherited)",
					"@executable_path/Frameworks",
				);
				PRODUCT_BUNDLE_IDENTIFIER = "com.tan.To-Do-List";
				PRODUCT_NAME = "$(TARGET_NAME)";
				SWIFT_VERSION = 5.0;
				TARGETED_DEVICE_FAMILY = "1,2";
			};
			name = Release;
		};
/* End XCBuildConfiguration section */

/* Begin XCConfigurationList section */
		274C12C6233698BA006C01DD /* Build configuration list for PBXProject "To Do List" */ = {
			isa = XCConfigurationList;
			buildConfigurations = (
				274C12DB233698BB006C01DD /* Debug */,
				274C12DC233698BB006C01DD /* Release */,
			);
			defaultConfigurationIsVisible = 0;
			defaultConfigurationName = Release;
		};
		274C12DD233698BB006C01DD /* Build configuration list for PBXNativeTarget "To Do List" */ = {
			isa = XCConfigurationList;
			buildConfigurations = (
				274C12DE233698BB006C01DD /* Debug */,
				274C12DF233698BB006C01DD /* Release */,
			);
			defaultConfigurationIsVisible = 0;
			defaultConfigurationName = Release;
		};
/* End XCConfigurationList section */
	};
	rootObject = 274C12C3233698BA006C01DD /* Project object */;
}
